name: Update flake.lock

on:
  # 毎週月曜の早朝（JST 09:00 = UTC 00:00）に実行する
  schedule:
    - cron: "0 0 * * 1"
  # 手動実行も許可する
  workflow_dispatch:

# 最小限の権限のみ付与する
permissions:
  contents: write
  pull-requests: write

jobs:
  update-flake-lock:
    runs-on: ubuntu-latest
    name: Update flake.lock
    steps:
      - name: Checkout repository
        uses: actions/checkout@9c091bb21b7c1c1d1991bb908d89e4e9dddfe3e0 # v7.0.0

      - name: Install Nix
        uses: DeterminateSystems/nix-installer-action@ef8a148080ab6020fd15196c2084a2eea5ff2d25 # v22

      - name: Update flake.lock
        uses: DeterminateSystems/update-flake-lock@834c491b2ece4de0bbd00d85214bb5e83b4da5c6 # v28
        with:
          # デフォルトの GITHUB_TOKEN だと作成した PR に CI がトリガーされないため、
          # fine-grained PAT（yuucu/dotfiles 限定、contents / pull-requests: write）を使う
          token: ${{ secrets.UPDATE_FLAKE_LOCK_TOKEN }}
          pr-title: "chore(deps): flake.lock を更新"
          pr-labels: dependencies
          branch: chore/update-flake-lock
          commit-msg: "chore(deps): flake.lock を更新"
